Microsoft Visual Studio Solution File, Format Version 11.00
# Visual Studio 2008

Project("{ED667417-6758-4DBF-9196-6AD2A46D6F72}") = "SpaceSHMUP-00d242ce85423ff053cdb33f5e93f84a2ff677dd", "Assembly-CSharp.csproj", "{98350A26-ACFA-0A7D-0B65-E8A5C3351C47}"
EndProject
Global
	GlobalSection(SolutionConfigurationPlatforms) = preSolution
		Debug|Any CPU = Debug|Any CPU
		Release|Any CPU = Release|Any CPU
	EndGlobalSection
	GlobalSection(ProjectConfigurationPlatforms) = postSolution
		{98350A26-ACFA-0A7D-0B65-E8A5C3351C47}.Debug|Any CPU.ActiveCfg = Debug|Any CPU
		{98350A26-ACFA-0A7D-0B65-E8A5C3351C47}.Debug|Any CPU.Build.0 = Debug|Any CPU
		{98350A26-ACFA-0A7D-0B65-E8A5C3351C47}.Release|Any CPU.ActiveCfg = Release|Any CPU
		{98350A26-ACFA-0A7D-0B65-E8A5C3351C47}.Release|Any CPU.Build.0 = Release|Any CPU
	EndGlobalSection
	GlobalSection(SolutionProperties) = preSolution
		HideSolutionNode = FALSE
	EndGlobalSection
	GlobalSection(MonoDevelopProperties) = preSolution
		StartupItem = Assembly-CSharp.csproj
	EndGlobalSection
EndGlobal
